{
  "requires": true,
  "lockfileVersion": 1,
  "dependencies": {
    "@types/scrollreveal": {
      "version": "0.0.8",
      "resolved": "https://registry.npmjs.org/@types/scrollreveal/-/scrollreveal-0.0.8.tgz",
      "integrity": "sha512-HwD3vSmxjEozI4+uHY7pPxB47gppsv0racBHZreEQFC6K1kBKaIUkCTwUMH6gGFEDmLrgOckfGsTvR/n2yyV6g=="
    },
    "typescript": {
      "version": "4.8.2",
      "resolved": "https://registry.npmjs.org/typescript/-/typescript-4.8.2.tgz",
      "integrity": "sha512-C0I1UsrrDHo2fYI5oaCGbSejwX4ch+9Y5jTQELvovfmFkK3HHSZJB8MSJcWLmCUBzQBchCrZ9rMRV6GuNrvGtw=="
    }
  }
}
